// !$*UTF8*$!
{
	archiveVersion = 1;
	classes = {
	};
	objectVersion = 56;
	objects = {

/* Begin PBXBuildFile section */
		846E70D92A01C96D00EA9190 /* AppDelegate.swift in Sources */ = {isa = PBXBuildFile; fileRef = 846E70D82A01C96D00EA9190 /* AppDelegate.swift */; };
		846E70DB2A01C96D00EA9190 /* SceneDelegate.swift in Sources */ = {isa = PBXBuildFile; fileRef = 846E70DA2A01C96D00EA9190 /* SceneDelegate.swift */; };
		846E70DD2A01C96D00EA9190 /* ViewController.swift in Sources */ = {isa = PBXBuildFile; fileRef = 846E70DC2A01C96D00EA9190 /* ViewController.swift */; };
		846E70E02A01C96D00EA9190 /* Main.storyboard in Resources */ = {isa = PBXBuildFile; fileRef = 846E70DE2A01C96D00EA9190 /* Main.storyboard */; };
		846E70E22A01C96F00EA9190 /* Assets.xcassets in Resources */ = {isa = PBXBuildFile; fileRef = 846E70E12A01C96F00EA9190 /* Assets.xcassets */; };
		846E70E52A01C96F00EA9190 /* LaunchScreen.storyboard in Resources */ = {isa = PBXBuildFile; fileRef = 846E70E32A01C96F00EA9190 /* LaunchScreen.storyboard */; };
/* End PBXBuildFile section */

/* Begin PBXFileReference section */
		846E70D52A01C96D00EA9190 /* Meme Maker App.app */ = {isa = PBXFileReference; explicitFileType = wrapper.application; includeInIndex = 0; path = "Meme Maker App.app"; sourceTree = BUILT_PRODUCTS_DIR; };
		846E70D82A01C96D00EA9190 /* AppDelegate.swift */ = {isa = PBXFileReference; lastKnownFileType = sourcecode.swift; path = AppDelegate.swift; sourceTree = "<group>"; };
		846E70DA2A01C96D00EA9190 /* SceneDelegate.swift */ = {isa = PBXFileReference; lastKnownFileType = sourcecode.swift; path = SceneDelegate.swift; sourceTree = "<group>"; };
		846E70DC2A01C96D00EA9190 /* ViewController.swift */ = {isa = PBXFileReference; lastKnownFileType = sourcecode.swift; path = ViewController.swift; sourceTree = "<group>"; };
		846E70DF2A01C96D00EA9190 /* Base */ = {isa = PBXFileReference; lastKnownFileType = file.storyboard; name = Base; path = Base.lproj/Main.storyboard; sourceTree = "<group>"; };
		846E70E12A01C96F00EA9190 /* Assets.xcassets */ = {isa = PBXFileReference; lastKnownFileType = folder.assetcatalog; path = Assets.xcassets; sourceTree = "<group>"; };
		846E70E42A01C96F00EA9190 /* Base */ = {isa = PBXFileReference; lastKnownFileType = file.storyboard; name = Base; path = Base.lproj/LaunchScreen.storyboard; sourceTree = "<group>"; };
		846E70E62A01C96F00EA9190 /* Info.plist */ = {isa = PBXFileReference; lastKnownFileType = text.plist.xml; path = Info.plist; sourceTree = "<group>"; };
		846E70EC2A01CC7900EA9190 /* Meme Maker Phrases.rtf */ = {isa = PBXFileReference; lastKnownFileType = text.rtf; path = "Meme Maker Phrases.rtf"; sourceTree = "<group>"; };
/* End PBXFileReference section */

/* Begin PBXFrameworksBuildPhase section */
		846E70D22A01C96D00EA9190 /* Frameworks */ = {
			isa = PBXFrameworksBuildPhase;
			buildActionMask = 2147483647;
			files = (
			);
			runOnlyForDeploymentPostprocessing = 0;
		};
/* End PBXFrameworksBuildPhase section */

/* Begin PBXGroup section */
		846E70CC2A01C96D00EA9190 = {
			isa = PBXGroup;
			children = (
				846E70EC2A01CC7900EA9190 /* Meme Maker Phrases.rtf */,
				846E70D72A01C96D00EA9190 /* Meme Maker App */,
				846E70D62A01C96D00EA9190 /* Products */,
			);
			sourceTree = "<group>";
		};
		846E70D62A01C96D00EA9190 /* Products */ = {
			isa = PBXGroup;
			children = (
				846E70D52A01C96D00EA9190 /* Meme Maker App.app */,
			);
			name = Products;
			sourceTree = "<group>";
		};
		846E70D72A01C96D00EA9190 /* Meme Maker App */ = {
			isa = PBXGroup;
			children = (
				846E70D82A01C96D00EA9190 /* AppDelegate.swift */,
				846E70DA2A01C96D00EA9190 /* SceneDelegate.swift */,
				846E70DC2A01C96D00EA9190 /* ViewController.swift */,
				846E70DE2A01C96D00EA9190 /* Main.storyboard */,
				846E70E12A01C96F00EA9190 /* Assets.xcassets */,
				846E70E32A01C96F00EA9190 /* LaunchScreen.storyboard */,
				846E70E62A01C96F00EA9190 /* Info.plist */,
			);
			path = "Meme Maker App";
			sourceTree = "<group>";
		};
/* End PBXGroup section */

/* Begin PBXNativeTarget section */
		846E70D42A01C96D00EA9190 /* Meme Maker App */ = {
			isa = PBXNativeTarget;
			buildConfigurationList = 846E70E92A01C96F00EA9190 /* Build configuration list for PBXNativeTarget "Meme Maker App" */;
			buildPhases = (
				846E70D12A01C96D00EA9190 /* Sources */,
				846E70D22A01C96D00EA9190 /* Frameworks */,
				846E70D32A01C96D00EA9190 /* Resources */,
			);
			buildRules = (
			);
			dependencies = (
			);
			name = "Meme Maker App";
			productName = "Meme Maker App";
			productReference = 846E70D52A01C96D00EA9190 /* Meme Maker App.app */;
			productType = "com.apple.product-type.application";
		};
/* End PBXNativeTarget section */

/* Begin PBXProject section */
		846E70CD2A01C96D00EA9190 /* Project object */ = {
			isa = PBXProject;
			attributes = {
				BuildIndependentTargetsInParallel = 1;
				LastSwiftUpdateCheck = 1430;
				LastUpgradeCheck = 1430;
				TargetAttributes = {
					846E70D42A01C96D00EA9190 = {
						CreatedOnToolsVersion = 14.3;
					};
				};
			};
			buildConfigurationList = 846E70D02A01C96D00EA9190 /* Build configuration list for PBXProject "Meme Maker App" */;
			compatibilityVersion = "Xcode 14.0";
			developmentRegion = en;
			hasScannedForEncodings = 0;
			knownRegions = (
				en,
				Base,
			);
			mainGroup = 846E70CC2A01C96D00EA9190;
			productRefGroup = 846E70D62A01C96D00EA9190 /* Products */;
			projectDirPath = "";
			projectRoot = "";
			targets = (
				846E70D42A01C96D00EA9190 /* Meme Maker App */,
			);
		};
/* End PBXProject section */

/* Begin PBXResourcesBuildPhase section */
		846E70D32A01C96D00EA9190 /* Resources */ = {
			isa = PBXResourcesBuildPhase;
			buildActionMask = 2147483647;
			files = (
				846E70E52A01C96F00EA9190 /* LaunchScreen.storyboard in Resources */,
				846E70E22A01C96F00EA9190 /* Assets.xcassets in Resources */,
				846E70E02A01C96D00EA9190 /* Main.storyboard in Resources */,
			);
			runOnlyForDeploymentPostprocessing = 0;
		};
/* End PBXResourcesBuildPhase section */

/* Begin PBXSourcesBuildPhase section */
		846E70D12A01C96D00EA9190 /* Sources */ = {
			isa = PBXSourcesBuildPhase;
			buildActionMask = 2147483647;
			files = (
				846E70DD2A01C96D00EA9190 /* ViewController.swift in Sources */,
				846E70D92A01C96D00EA9190 /* AppDelegate.swift in Sources */,
				846E70DB2A01C96D00EA9190 /* SceneDelegate.swift in Sources */,
			);
			runOnlyForDeploymentPostprocessing = 0;
		};
/* End PBXSourcesBuildPhase section */

/* Begin PBXVariantGroup section */
		846E70DE2A01C96D00EA9190 /* Main.storyboard */ = {
			isa = PBXVariantGroup;
			children = (
				846E70DF2A01C96D00EA9190 /* Base */,
			);
			name = Main.storyboard;
			sourceTree = "<group>";
		};
		846E70E32A01C96F00EA9190 /* LaunchScreen.storyboard */ = {
			isa = PBXVariantGroup;
			children = (
				846E70E42A01C96F00EA9190 /* Base */,
			);
			name = LaunchScreen.storyboard;
			sourceTree = "<group>";
		};
/* End PBXVariantGroup section */

/* Begin XCBuildConfiguration section */
		846E70E72A01C96F00EA9190 /* Debug */ = {
			isa = XCBuildConfiguration;
			buildSettings = {
				ALWAYS_SEARCH_USER_PATHS = NO;
				CLANG_ANALYZER_NONNULL = YES;
				CLANG_ANALYZER_NUMBER_OBJECT_CONVERSION = YES_AGGRESSIVE;
				CLANG_CXX_LANGUAGE_STANDARD = "gnu++20";
				CLANG_ENABLE_MODULES = YES;
				CLANG_ENABLE_OBJC_ARC = YES;
				CLANG_ENABLE_OBJC_WEAK = YES;
				CLANG_WARN_BLOCK_CAPTURE_AUTORELEASING = YES;
				CLANG_WARN_BOOL_CONVERSION = YES;
				CLANG_WARN_COMMA = YES;
				CLANG_WARN_CONSTANT_CONVERSION = YES;
				CLANG_WARN_DEPRECATED_OBJC_IMPLEMENTATIONS = YES;
				CLANG_WARN_DIRECT_OBJC_ISA_USAGE = YES_ERROR;
				CLANG_WARN_DOCUMENTATION_COMMENTS = YES;
				CLANG_WARN_EMPTY_BODY = YES;
				CLANG_WARN_ENUM_CONVERSION = YES;
				CLANG_WARN_INFINITE_RECURSION = YES;
				CLANG_WARN_INT_CONVERSION = YES;
				CLANG_WARN_NON_LITERAL_NULL_CONVERSION = YES;
				CLANG_WARN_OBJC_IMPLICIT_RETAIN_SELF = YES;
				CLANG_WARN_OBJC_LITERAL_CONVERSION = YES;
				CLANG_WARN_OBJC_ROOT_CLASS = YES_ERROR;
				CLANG_WARN_QUOTED_INCLUDE_IN_FRAMEWORK_HEADER = YES;
				CLANG_WARN_RANGE_LOOP_ANALYSIS = YES;
				CLANG_WARN_STRICT_PROTOTYPES = YES;
				CLANG_WARN_SUSPICIOUS_MOVE = YES;
				CLANG_WARN_UNGUARDED_AVAILABILITY = YES_AGGRESSIVE;
				CLANG_WARN_UNREACHABLE_CODE = YES;
				CLANG_WARN__DUPLICATE_METHOD_MATCH = YES;
				COPY_PHASE_STRIP = NO;
				DEBUG_INFORMATION_FORMAT = dwarf;
				ENABLE_STRICT_OBJC_MSGSEND = YES;
				ENABLE_TESTABILITY = YES;
				GCC_C_LANGUAGE_STANDARD = gnu11;
				GCC_DYNAMIC_NO_PIC = NO;
				GCC_NO_COMMON_BLOCKS = YES;
				GCC_OPTIMIZATION_LEVEL = 0;
				GCC_PREPROCESSOR_DEFINITIONS = (
					"DEBUG=1",
					"$(inherited)",
				);
				GCC_WARN_64_TO_32_BIT_CONVERSION = YES;
				GCC_WARN_ABOUT_RETURN_TYPE = YES_ERROR;
				GCC_WARN_UNDECLARED_SELECTOR = YES;
				GCC_WARN_UNINITIALIZED_AUTOS = YES_AGGRESSIVE;
				GCC_WARN_UNUSED_FUNCTION = YES;
				GCC_WARN_UNUSED_VARIABLE = YES;
				IPHONEOS_DEPLOYMENT_TARGET = 16.4;
				MTL_ENABLE_DEBUG_INFO = INCLUDE_SOURCE;
				MTL_FAST_MATH = YES;
				ONLY_ACTIVE_ARCH = YES;
				SDKROOT = iphoneos;
				SWIFT_ACTIVE_COMPILATION_CONDITIONS = DEBUG;
				SWIFT_OPTIMIZATION_LEVEL = "-Onone";
			};
			name = Debug;
		};
		846E70E82A01C96F00EA9190 /* Release */ = {
			isa = XCBuildConfiguration;
			buildSettings = {
				ALWAYS_SEARCH_USER_PATHS = NO;
				CLANG_ANALYZER_NONNULL = YES;
				CLANG_ANALYZER_NUMBER_OBJECT_CONVERSION = YES_AGGRESSIVE;
				CLANG_CXX_LANGUAGE_STANDARD = "gnu++20";
				CLANG_ENABLE_MODULES = YES;
				CLANG_ENABLE_OBJC_ARC = YES;
				CLANG_ENABLE_OBJC_WEAK = YES;
				CLANG_WARN_BLOCK_CAPTURE_AUTORELEASING = YES;
				CLANG_WARN_BOOL_CONVERSION = YES;
				CLANG_WARN_COMMA = YES;
				CLANG_WARN_CONSTANT_CONVERSION = YES;
				CLANG_WARN_DEPRECATED_OBJC_IMPLEMENTATIONS = YES;
				CLANG_WARN_DIRECT_OBJC_ISA_USAGE = YES_ERROR;
				CLANG_WARN_DOCUMENTATION_COMMENTS = YES;
				CLANG_WARN_EMPTY_BODY = YES;
				CLANG_WARN_ENUM_CONVERSION = YES;
				CLANG_WARN_INFINITE_RECURSION = YES;
				CLANG_WARN_INT_CONVERSION = YES;
				CLANG_WARN_NON_LITERAL_NULL_CONVERSION = YES;
				CLANG_WARN_OBJC_IMPLICIT_RETAIN_SELF = YES;
				CLANG_WARN_OBJC_LITERAL_CONVERSION = YES;
				CLANG_WARN_OBJC_ROOT_CLASS = YES_ERROR;
				CLANG_WARN_QUOTED_INCLUDE_IN_FRAMEWORK_HEADER = YES;
				CLANG_WARN_RANGE_LOOP_ANALYSIS = YES;
				CLANG_WARN_STRICT_PROTOTYPES = YES;
				CLANG_WARN_SUSPICIOUS_MOVE = YES;
				CLANG_WARN_UNGUARDED_AVAILABILITY = YES_AGGRESSIVE;
				CLANG_WARN_UNREACHABLE_CODE = YES;
				CLANG_WARN__DUPLICATE_METHOD_MATCH = YES;
				COPY_PHASE_STRIP = NO;
				DEBUG_INFORMATION_FORMAT = "dwarf-with-dsym";
				ENABLE_NS_ASSERTIONS = NO;
				ENABLE_STRICT_OBJC_MSGSEND = YES;
				GCC_C_LANGUAGE_STANDARD = gnu11;
				GCC_NO_COMMON_BLOCKS = YES;
				GCC_WARN_64_TO_32_BIT_CONVERSION = YES;
				GCC_WARN_ABOUT_RETURN_TYPE = YES_ERROR;
				GCC_WARN_UNDECLARED_SELECTOR = YES;
				GCC_WARN_UNINITIALIZED_AUTOS = YES_AGGRESSIVE;
				GCC_WARN_UNUSED_FUNCTION = YES;
				GCC_WARN_UNUSED_VARIABLE = YES;
				IPHONEOS_DEPLOYMENT_TARGET = 16.4;
				MTL_ENABLE_DEBUG_INFO = NO;
				MTL_FAST_MATH = YES;
				SDKROOT = iphoneos;
				SWIFT_COMPILATION_MODE = wholemodule;
				SWIFT_OPTIMIZATION_LEVEL = "-O";
				VALIDATE_PRODUCT = YES;
			};
			name = Release;
		};
		846E70EA2A01C96F00EA9190 /* Debug */ = {
			isa = XCBuildConfiguration;
			buildSettings = {
				ASSETCATALOG_COMPILER_APPICON_NAME = AppIcon;
				ASSETCATALOG_COMPILER_GLOBAL_ACCENT_COLOR_NAME = AccentColor;
				CODE_SIGN_STYLE = Automatic;
				CURRENT_PROJECT_VERSION = 1;
				DEVELOPMENT_TEAM = 7TMNVT69CC;
				GENERATE_INFOPLIST_FILE = YES;
				INFOPLIST_FILE = "Meme Maker App/Info.plist";
				INFOPLIST_KEY_UIApplicationSupportsIndirectInputEvents = YES;
				INFOPLIST_KEY_UILaunchStoryboardName = LaunchScreen;
				INFOPLIST_KEY_UIMainStoryboardFile = Main;
				INFOPLIST_KEY_UISupportedInterfaceOrientations = "UIInterfaceOrientationPortrait UIInterfaceOrientationPortraitUpsideDown";
				LD_RUNPATH_SEARCH_PATHS = (
					"$(inherited)",
					"@executable_path/Frameworks",
				);
				MARKETING_VERSION = 1.0;
				PRODUCT_BUNDLE_IDENTIFIER = "vetvick.lindsey.Meme-Maker-App";
				PRODUCT_NAME = "$(TARGET_NAME)";
				SWIFT_EMIT_LOC_STRINGS = YES;
				SWIFT_VERSION = 5.0;
				TARGETED_DEVICE_FAMILY = "1,2";
			};
			name = Debug;
		};
		846E70EB2A01C96F00EA9190 /* Release */ = {
			isa = XCBuildConfiguration;
			buildSettings = {
				ASSETCATALOG_COMPILER_APPICON_NAME = AppIcon;
				ASSETCATALOG_COMPILER_GLOBAL_ACCENT_COLOR_NAME = AccentColor;
				CODE_SIGN_STYLE = Automatic;
				CURRENT_PROJECT_VERSION = 1;
				DEVELOPMENT_TEAM = 7TMNVT69CC;
				GENERATE_INFOPLIST_FILE = YES;
				INFOPLIST_FILE = "Meme Maker App/Info.plist";
				INFOPLIST_KEY_UIApplicationSupportsIndirectInputEvents = YES;
				INFOPLIST_KEY_UILaunchStoryboardName = LaunchScreen;
				INFOPLIST_KEY_UIMainStoryboardFile = Main;
				INFOPLIST_KEY_UISupportedInterfaceOrientations = "UIInterfaceOrientationPortrait UIInterfaceOrientationPortraitUpsideDown";
				LD_RUNPATH_SEARCH_PATHS = (
					"$(inherited)",
					"@executable_path/Frameworks",
				);
				MARKETING_VERSION = 1.0;
				PRODUCT_BUNDLE_IDENTIFIER = "vetvick.lindsey.Meme-Maker-App";
				PRODUCT_NAME = "$(TARGET_NAME)";
				SWIFT_EMIT_LOC_STRINGS = YES;
				SWIFT_VERSION = 5.0;
				TARGETED_DEVICE_FAMILY = "1,2";
			};
			name = Release;
		};
/* End XCBuildConfiguration section */

/* Begin XCConfigurationList section */
		846E70D02A01C96D00EA9190 /* Build configuration list for PBXProject "Meme Maker App" */ = {
			isa = XCConfigurationList;
			buildConfigurations = (
				846E70E72A01C96F00EA9190 /* Debug */,
				846E70E82A01C96F00EA9190 /* Release */,
			);
			defaultConfigurationIsVisible = 0;
			defaultConfigurationName = Release;
		};
		846E70E92A01C96F00EA9190 /* Build configuration list for PBXNativeTarget "Meme Maker App" */ = {
			isa = XCConfigurationList;
			buildConfigurations = (
				846E70EA2A01C96F00EA9190 /* Debug */,
				846E70EB2A01C96F00EA9190 /* Release */,
			);
			defaultConfigurationIsVisible = 0;
			defaultConfigurationName = Release;
		};
/* End XCConfigurationList section */
	};
	rootObject = 846E70CD2A01C96D00EA9190 /* Project object */;
}
